
Microsoft Visual Studio Solution File, Format Version 12.00
# Visual Studio 15
VisualStudioVersion = 15.0.28307.489
MinimumVisualStudioVersion = 10.0.40219.1
Project("{FAE04EC0-301F-11D3-BF4B-00C04F79EFBC}") = "EventStoreSaleExercise", "EventStoreSaleExercise\EventStoreSaleExercise.csproj", "{788CEE75-8DB6-4F81-841F-AF80EA2F7FD7}"
EndProject
Global
	GlobalSection(SolutionConfigurationPlatforms) = preSolution
		Debug|Any CPU = Debug|Any CPU
		Release|Any CPU = Release|Any CPU
	EndGlobalSection
	GlobalSection(ProjectConfigurationPlatforms) = postSolution
		{788CEE75-8DB6-4F81-841F-AF80EA2F7FD7}.Debug|Any CPU.ActiveCfg = Debug|Any CPU
		{788CEE75-8DB6-4F81-841F-AF80EA2F7FD7}.Debug|Any CPU.Build.0 = Debug|Any CPU
		{788CEE75-8DB6-4F81-841F-AF80EA2F7FD7}.Release|Any CPU.ActiveCfg = Release|Any CPU
		{788CEE75-8DB6-4F81-841F-AF80EA2F7FD7}.Release|Any CPU.Build.0 = Release|Any CPU
	EndGlobalSection
	GlobalSection(SolutionProperties) = preSolution
		HideSolutionNode = FALSE
	EndGlobalSection
	GlobalSection(ExtensibilityGlobals) = postSolution
		SolutionGuid = {370DAA72-7049-4CD6-AE0B-FB95C37C49BF}
	EndGlobalSection
EndGlobal
