
Microsoft Visual Studio Solution File, Format Version 12.00
# Visual Studio 15
VisualStudioVersion = 15.0.28307.489
MinimumVisualStudioVersion = 10.0.40219.1
Project("{FAE04EC0-301F-11D3-BF4B-00C04F79EFBC}") = "ProbabilityExercise", "ProbabilityExcercise\ProbabilityExercise.csproj", "{95CE9C87-5A5C-42E5-8E0E-2ADEEF6E7548}"
EndProject
Project("{FAE04EC0-301F-11D3-BF4B-00C04F79EFBC}") = "ProbabilityExercise.Tests", "ProbabilityExcercise.Tests\ProbabilityExercise.Tests.csproj", "{0A69C58F-3B01-4A68-AFEE-219BBB4190FD}"
EndProject
Global
	GlobalSection(SolutionConfigurationPlatforms) = preSolution
		Debug|Any CPU = Debug|Any CPU
		Release|Any CPU = Release|Any CPU
	EndGlobalSection
	GlobalSection(ProjectConfigurationPlatforms) = postSolution
		{95CE9C87-5A5C-42E5-8E0E-2ADEEF6E7548}.Debug|Any CPU.ActiveCfg = Debug|Any CPU
		{95CE9C87-5A5C-42E5-8E0E-2ADEEF6E7548}.Debug|Any CPU.Build.0 = Debug|Any CPU
		{95CE9C87-5A5C-42E5-8E0E-2ADEEF6E7548}.Release|Any CPU.ActiveCfg = Release|Any CPU
		{95CE9C87-5A5C-42E5-8E0E-2ADEEF6E7548}.Release|Any CPU.Build.0 = Release|Any CPU
		{0A69C58F-3B01-4A68-AFEE-219BBB4190FD}.Debug|Any CPU.ActiveCfg = Debug|Any CPU
		{0A69C58F-3B01-4A68-AFEE-219BBB4190FD}.Debug|Any CPU.Build.0 = Debug|Any CPU
		{0A69C58F-3B01-4A68-AFEE-219BBB4190FD}.Release|Any CPU.ActiveCfg = Release|Any CPU
		{0A69C58F-3B01-4A68-AFEE-219BBB4190FD}.Release|Any CPU.Build.0 = Release|Any CPU
	EndGlobalSection
	GlobalSection(SolutionProperties) = preSolution
		HideSolutionNode = FALSE
	EndGlobalSection
	GlobalSection(ExtensibilityGlobals) = postSolution
		SolutionGuid = {9637DEF2-C3B2-4066-B721-AEF45CCCC4CA}
	EndGlobalSection
EndGlobal
